
Microsoft Visual Studio Solution File, Format Version 12.00
# Visual Studio Version 17
VisualStudioVersion = 17.9.34701.34
MinimumVisualStudioVersion = 10.0.40219.1
Project("{FAE04EC0-301F-11D3-BF4B-00C04F79EFBC}") = "Calculator_WPFUI", "Calculator_WPFUI\Calculator_WPFUI.csproj", "{D0F74FDD-531A-4A6F-B82D-A1F28581331A}"
EndProject
Global
	GlobalSection(SolutionConfigurationPlatforms) = preSolution
		Debug|Any CPU = Debug|Any CPU
		Release|Any CPU = Release|Any CPU
	EndGlobalSection
	GlobalSection(ProjectConfigurationPlatforms) = postSolution
		{D0F74FDD-531A-4A6F-B82D-A1F28581331A}.Debug|Any CPU.ActiveCfg = Debug|Any CPU
		{D0F74FDD-531A-4A6F-B82D-A1F28581331A}.Debug|Any CPU.Build.0 = Debug|Any CPU
		{D0F74FDD-531A-4A6F-B82D-A1F28581331A}.Release|Any CPU.ActiveCfg = Release|Any CPU
		{D0F74FDD-531A-4A6F-B82D-A1F28581331A}.Release|Any CPU.Build.0 = Release|Any CPU
	EndGlobalSection
	GlobalSection(SolutionProperties) = preSolution
		HideSolutionNode = FALSE
	EndGlobalSection
	GlobalSection(ExtensibilityGlobals) = postSolution
		SolutionGuid = {1432FE0C-E31E-45A0-8163-14A88EAD2913}
	EndGlobalSection
EndGlobal
